PODS:
  - Bolts (1.1.2)
  - Facebook-iOS-SDK (3.17.0):
    - Bolts
  - STTwitter (0.1.4)

DEPENDENCIES:
  - Facebook-iOS-SDK
  - STTwitter

SPEC CHECKSUMS:
  Bolts: 2635e8698a630774689441047f3465d78c48d485
  Facebook-iOS-SDK: f20274d809f112ba540842e2b6cbe50128d51b7b
  STTwitter: 809f63f856341fdd103fbc6d9e4818d48a91be0c

COCOAPODS: 0.33.1
